
Microsoft Visual Studio Solution File, Format Version 12.00
# Visual Studio 15
VisualStudioVersion = 15.0.28010.2036
MinimumVisualStudioVersion = 10.0.40219.1
Project("{FAE04EC0-301F-11D3-BF4B-00C04F79EFBC}") = "ClientArcherSoapComplianceControlNetFr", "ClientArcherSoapComplianceControlNetFr\ClientArcherSoapComplianceControlNetFr.csproj", "{8344646D-9164-48C1-BB90-6ADED04915CB}"
EndProject
Global
	GlobalSection(SolutionConfigurationPlatforms) = preSolution
		Debug|Any CPU = Debug|Any CPU
		Release|Any CPU = Release|Any CPU
	EndGlobalSection
	GlobalSection(ProjectConfigurationPlatforms) = postSolution
		{8344646D-9164-48C1-BB90-6ADED04915CB}.Debug|Any CPU.ActiveCfg = Debug|Any CPU
		{8344646D-9164-48C1-BB90-6ADED04915CB}.Debug|Any CPU.Build.0 = Debug|Any CPU
		{8344646D-9164-48C1-BB90-6ADED04915CB}.Release|Any CPU.ActiveCfg = Release|Any CPU
		{8344646D-9164-48C1-BB90-6ADED04915CB}.Release|Any CPU.Build.0 = Release|Any CPU
	EndGlobalSection
	GlobalSection(SolutionProperties) = preSolution
		HideSolutionNode = FALSE
	EndGlobalSection
	GlobalSection(ExtensibilityGlobals) = postSolution
		SolutionGuid = {C589D1CF-8EFD-47E2-9BBF-18EBEB1F4DAF}
	EndGlobalSection
EndGlobal
